
Microsoft Visual Studio Solution File, Format Version 12.00
# Visual Studio Version 17
VisualStudioVersion = 17.10.35122.118
MinimumVisualStudioVersion = 10.0.40219.1
Project("{FAE04EC0-301F-11D3-BF4B-00C04F79EFBC}") = "Project1-INFO5101", "Project1-INFO5101\Project1-INFO5101.csproj", "{CD8849D4-FCE8-4AD5-ACF7-6B50D9566CEC}"
EndProject
Global
	GlobalSection(SolutionConfigurationPlatforms) = preSolution
		Debug|Any CPU = Debug|Any CPU
		Release|Any CPU = Release|Any CPU
	EndGlobalSection
	GlobalSection(ProjectConfigurationPlatforms) = postSolution
		{CD8849D4-FCE8-4AD5-ACF7-6B50D9566CEC}.Debug|Any CPU.ActiveCfg = Debug|Any CPU
		{CD8849D4-FCE8-4AD5-ACF7-6B50D9566CEC}.Debug|Any CPU.Build.0 = Debug|Any CPU
		{CD8849D4-FCE8-4AD5-ACF7-6B50D9566CEC}.Release|Any CPU.ActiveCfg = Release|Any CPU
		{CD8849D4-FCE8-4AD5-ACF7-6B50D9566CEC}.Release|Any CPU.Build.0 = Release|Any CPU
	EndGlobalSection
	GlobalSection(SolutionProperties) = preSolution
		HideSolutionNode = FALSE
	EndGlobalSection
	GlobalSection(ExtensibilityGlobals) = postSolution
		SolutionGuid = {6C6DBE77-AE76-4B85-AF0E-A4B30740E30C}
	EndGlobalSection
EndGlobal
